// !$*UTF8*$!
{
	archiveVersion = 1;
	classes = {
	};
	objectVersion = 46;
	objects = {

/* Begin PBXBuildFile section */
		7A2D53261DC6295A004BEA35 /* AppDelegate.swift in Sources */ = {isa = PBXBuildFile; fileRef = 7A2D53251DC6295A004BEA35 /* AppDelegate.swift */; };
		7A2D53281DC6295A004BEA35 /* ViewController.swift in Sources */ = {isa = PBXBuildFile; fileRef = 7A2D53271DC6295A004BEA35 /* ViewController.swift */; };
		7A2D532B1DC6295A004BEA35 /* Main.storyboard in Resources */ = {isa = PBXBuildFile; fileRef = 7A2D53291DC6295A004BEA35 /* Main.storyboard */; };
		7A2D532D1DC6295A004BEA35 /* Assets.xcassets in Resources */ = {isa = PBXBuildFile; fileRef = 7A2D532C1DC6295A004BEA35 /* Assets.xcassets */; };
		7A2D53301DC6295A004BEA35 /* LaunchScreen.storyboard in Resources */ = {isa = PBXBuildFile; fileRef = 7A2D532E1DC6295A004BEA35 /* LaunchScreen.storyboard */; };
/* End PBXBuildFile section */

/* Begin PBXFileReference section */
		7A2D53221DC6295A004BEA35 /* sampleTalkApp.app */ = {isa = PBXFileReference; explicitFileType = wrapper.application; includeInIndex = 0; path = sampleTalkApp.app; sourceTree = BUILT_PRODUCTS_DIR; };
		7A2D53251DC6295A004BEA35 /* AppDelegate.swift */ = {isa = PBXFileReference; lastKnownFileType = sourcecode.swift; path = AppDelegate.swift; sourceTree = "<group>"; };
		7A2D53271DC6295A004BEA35 /* ViewController.swift */ = {isa = PBXFileReference; lastKnownFileType = sourcecode.swift; path = ViewController.swift; sourceTree = "<group>"; };
		7A2D532A1DC6295A004BEA35 /* Base */ = {isa = PBXFileReference; lastKnownFileType = file.storyboard; name = Base; path = Base.lproj/Main.storyboard; sourceTree = "<group>"; };
		7A2D532C1DC6295A004BEA35 /* Assets.xcassets */ = {isa = PBXFileReference; lastKnownFileType = folder.assetcatalog; path = Assets.xcassets; sourceTree = "<group>"; };
		7A2D532F1DC6295A004BEA35 /* Base */ = {isa = PBXFileReference; lastKnownFileType = file.storyboard; name = Base; path = Base.lproj/LaunchScreen.storyboard; sourceTree = "<group>"; };
		7A2D53311DC6295A004BEA35 /* Info.plist */ = {isa = PBXFileReference; lastKnownFileType = text.plist.xml; path = Info.plist; sourceTree = "<group>"; };
/* End PBXFileReference section */

/* Begin PBXFrameworksBuildPhase section */
		7A2D531F1DC62959004BEA35 /* Frameworks */ = {
			isa = PBXFrameworksBuildPhase;
			buildActionMask = 2147483647;
			files = (
			);
			runOnlyForDeploymentPostprocessing = 0;
		};
/* End PBXFrameworksBuildPhase section */

/* Begin PBXGroup section */
		7A2D53191DC62959004BEA35 = {
			isa = PBXGroup;
			children = (
				7A2D53241DC6295A004BEA35 /* sampleTalkApp */,
				7A2D53231DC6295A004BEA35 /* Products */,
			);
			sourceTree = "<group>";
		};
		7A2D53231DC6295A004BEA35 /* Products */ = {
			isa = PBXGroup;
			children = (
				7A2D53221DC6295A004BEA35 /* sampleTalkApp.app */,
			);
			name = Products;
			sourceTree = "<group>";
		};
		7A2D53241DC6295A004BEA35 /* sampleTalkApp */ = {
			isa = PBXGroup;
			children = (
				7A2D53251DC6295A004BEA35 /* AppDelegate.swift */,
				7A2D53271DC6295A004BEA35 /* ViewController.swift */,
				7A2D53291DC6295A004BEA35 /* Main.storyboard */,
				7A2D532C1DC6295A004BEA35 /* Assets.xcassets */,
				7A2D532E1DC6295A004BEA35 /* LaunchScreen.storyboard */,
				7A2D53311DC6295A004BEA35 /* Info.plist */,
			);
			path = sampleTalkApp;
			sourceTree = "<group>";
		};
/* End PBXGroup section */

/* Begin PBXNativeTarget section */
		7A2D53211DC62959004BEA35 /* sampleTalkApp */ = {
			isa = PBXNativeTarget;
			buildConfigurationList = 7A2D53341DC6295A004BEA35 /* Build configuration list for PBXNativeTarget "sampleTalkApp" */;
			buildPhases = (
				7A2D531E1DC62959004BEA35 /* Sources */,
				7A2D531F1DC62959004BEA35 /* Frameworks */,
				7A2D53201DC62959004BEA35 /* Resources */,
			);
			buildRules = (
			);
			dependencies = (
			);
			name = sampleTalkApp;
			productName = sampleTalkApp;
			productReference = 7A2D53221DC6295A004BEA35 /* sampleTalkApp.app */;
			productType = "com.apple.product-type.application";
		};
/* End PBXNativeTarget section */

/* Begin PBXProject section */
		7A2D531A1DC62959004BEA35 /* Project object */ = {
			isa = PBXProject;
			attributes = {
				LastSwiftUpdateCheck = 0800;
				LastUpgradeCheck = 0800;
				ORGANIZATIONNAME = "Muneharu Onoue";
				TargetAttributes = {
					7A2D53211DC62959004BEA35 = {
						CreatedOnToolsVersion = 8.0;
						DevelopmentTeam = 9F3KC5MR2C;
						ProvisioningStyle = Automatic;
					};
				};
			};
			buildConfigurationList = 7A2D531D1DC62959004BEA35 /* Build configuration list for PBXProject "sampleTalkApp" */;
			compatibilityVersion = "Xcode 3.2";
			developmentRegion = English;
			hasScannedForEncodings = 0;
			knownRegions = (
				en,
				Base,
			);
			mainGroup = 7A2D53191DC62959004BEA35;
			productRefGroup = 7A2D53231DC6295A004BEA35 /* Products */;
			projectDirPath = "";
			projectRoot = "";
			targets = (
				7A2D53211DC62959004BEA35 /* sampleTalkApp */,
			);
		};
/* End PBXProject section */

/* Begin PBXResourcesBuildPhase section */
		7A2D53201DC62959004BEA35 /* Resources */ = {
			isa = PBXResourcesBuildPhase;
			buildActionMask = 2147483647;
			files = (
				7A2D53301DC6295A004BEA35 /* LaunchScreen.storyboard in Resources */,
				7A2D532D1DC6295A004BEA35 /* Assets.xcassets in Resources */,
				7A2D532B1DC6295A004BEA35 /* Main.storyboard in Resources */,
			);
			runOnlyForDeploymentPostprocessing = 0;
		};
/* End PBXResourcesBuildPhase section */

/* Begin PBXSourcesBuildPhase section */
		7A2D531E1DC62959004BEA35 /* Sources */ = {
			isa = PBXSourcesBuildPhase;
			buildActionMask = 2147483647;
			files = (
				7A2D53281DC6295A004BEA35 /* ViewController.swift in Sources */,
				7A2D53261DC6295A004BEA35 /* AppDelegate.swift in Sources */,
			);
			runOnlyForDeploymentPostprocessing = 0;
		};
/* End PBXSourcesBuildPhase section */

/* Begin PBXVariantGroup section */
		7A2D53291DC6295A004BEA35 /* Main.storyboard */ = {
			isa = PBXVariantGroup;
			children = (
				7A2D532A1DC6295A004BEA35 /* Base */,
			);
			name = Main.storyboard;
			sourceTree = "<group>";
		};
		7A2D532E1DC6295A004BEA35 /* LaunchScreen.storyboard */ = {
			isa = PBXVariantGroup;
			children = (
				7A2D532F1DC6295A004BEA35 /* Base */,
			);
			name = LaunchScreen.storyboard;
			sourceTree = "<group>";
		};
/* End PBXVariantGroup section */

/* Begin XCBuildConfiguration section */
		7A2D53321DC6295A004BEA35 /* Debug */ = {
			isa = XCBuildConfiguration;
			buildSettings = {
				ALWAYS_SEARCH_USER_PATHS = NO;
				CLANG_ANALYZER_NONNULL = YES;
				CLANG_CXX_LANGUAGE_STANDARD = "gnu++0x";
				CLANG_CXX_LIBRARY = "libc++";
				CLANG_ENABLE_MODULES = YES;
				CLANG_ENABLE_OBJC_ARC = YES;
				CLANG_WARN_BOOL_CONVERSION = YES;
				CLANG_WARN_CONSTANT_CONVERSION = YES;
				CLANG_WARN_DIRECT_OBJC_ISA_USAGE = YES_ERROR;
				CLANG_WARN_DOCUMENTATION_COMMENTS = YES;
				CLANG_WARN_EMPTY_BODY = YES;
				CLANG_WARN_ENUM_CONVERSION = YES;
				CLANG_WARN_INFINITE_RECURSION = YES;
				CLANG_WARN_INT_CONVERSION = YES;
				CLANG_WARN_OBJC_ROOT_CLASS = YES_ERROR;
				CLANG_WARN_SUSPICIOUS_MOVES = YES;
				CLANG_WARN_UNREACHABLE_CODE = YES;
				CLANG_WARN__DUPLICATE_METHOD_MATCH = YES;
				"CODE_SIGN_IDENTITY[sdk=iphoneos*]" = "iPhone Developer";
				COPY_PHASE_STRIP = NO;
				DEBUG_INFORMATION_FORMAT = dwarf;
				ENABLE_STRICT_OBJC_MSGSEND = YES;
				ENABLE_TESTABILITY = YES;
				GCC_C_LANGUAGE_STANDARD = gnu99;
				GCC_DYNAMIC_NO_PIC = NO;
				GCC_NO_COMMON_BLOCKS = YES;
				GCC_OPTIMIZATION_LEVEL = 0;
				GCC_PREPROCESSOR_DEFINITIONS = (
					"DEBUG=1",
					"$(inherited)",
				);
				GCC_WARN_64_TO_32_BIT_CONVERSION = YES;
				GCC_WARN_ABOUT_RETURN_TYPE = YES_ERROR;
				GCC_WARN_UNDECLARED_SELECTOR = YES;
				GCC_WARN_UNINITIALIZED_AUTOS = YES_AGGRESSIVE;
				GCC_WARN_UNUSED_FUNCTION = YES;
				GCC_WARN_UNUSED_VARIABLE = YES;
				IPHONEOS_DEPLOYMENT_TARGET = 9.3;
				MTL_ENABLE_DEBUG_INFO = YES;
				ONLY_ACTIVE_ARCH = YES;
				SDKROOT = iphoneos;
				SWIFT_ACTIVE_COMPILATION_CONDITIONS = DEBUG;
				SWIFT_OPTIMIZATION_LEVEL = "-Onone";
			};
			name = Debug;
		};
		7A2D53331DC6295A004BEA35 /* Release */ = {
			isa = XCBuildConfiguration;
			buildSettings = {
				ALWAYS_SEARCH_USER_PATHS = NO;
				CLANG_ANALYZER_NONNULL = YES;
				CLANG_CXX_LANGUAGE_STANDARD = "gnu++0x";
				CLANG_CXX_LIBRARY = "libc++";
				CLANG_ENABLE_MODULES = YES;
				CLANG_ENABLE_OBJC_ARC = YES;
				CLANG_WARN_BOOL_CONVERSION = YES;
				CLANG_WARN_CONSTANT_CONVERSION = YES;
				CLANG_WARN_DIRECT_OBJC_ISA_USAGE = YES_ERROR;
				CLANG_WARN_DOCUMENTATION_COMMENTS = YES;
				CLANG_WARN_EMPTY_BODY = YES;
				CLANG_WARN_ENUM_CONVERSION = YES;
				CLANG_WARN_INFINITE_RECURSION = YES;
				CLANG_WARN_INT_CONVERSION = YES;
				CLANG_WARN_OBJC_ROOT_CLASS = YES_ERROR;
				CLANG_WARN_SUSPICIOUS_MOVES = YES;
				CLANG_WARN_UNREACHABLE_CODE = YES;
				CLANG_WARN__DUPLICATE_METHOD_MATCH = YES;
				"CODE_SIGN_IDENTITY[sdk=iphoneos*]" = "iPhone Developer";
				COPY_PHASE_STRIP = NO;
				DEBUG_INFORMATION_FORMAT = "dwarf-with-dsym";
				ENABLE_NS_ASSERTIONS = NO;
				ENABLE_STRICT_OBJC_MSGSEND = YES;
				GCC_C_LANGUAGE_STANDARD = gnu99;
				GCC_NO_COMMON_BLOCKS = YES;
				GCC_WARN_64_TO_32_BIT_CONVERSION = YES;
				GCC_WARN_ABOUT_RETURN_TYPE = YES_ERROR;
				GCC_WARN_UNDECLARED_SELECTOR = YES;
				GCC_WARN_UNINITIALIZED_AUTOS = YES_AGGRESSIVE;
				GCC_WARN_UNUSED_FUNCTION = YES;
				GCC_WARN_UNUSED_VARIABLE = YES;
				IPHONEOS_DEPLOYMENT_TARGET = 9.3;
				MTL_ENABLE_DEBUG_INFO = NO;
				SDKROOT = iphoneos;
				SWIFT_OPTIMIZATION_LEVEL = "-Owholemodule";
				VALIDATE_PRODUCT = YES;
			};
			name = Release;
		};
		7A2D53351DC6295A004BEA35 /* Debug */ = {
			isa = XCBuildConfiguration;
			buildSettings = {
				ASSETCATALOG_COMPILER_APPICON_NAME = AppIcon;
				DEVELOPMENT_TEAM = 9F3KC5MR2C;
				INFOPLIST_FILE = sampleTalkApp/Info.plist;
				LD_RUNPATH_SEARCH_PATHS = "$(inherited) @executable_path/Frameworks";
				PRODUCT_BUNDLE_IDENTIFIER = ii.sampleTalkApp;
				PRODUCT_NAME = "$(TARGET_NAME)";
				SWIFT_VERSION = 3.0;
			};
			name = Debug;
		};
		7A2D53361DC6295A004BEA35 /* Release */ = {
			isa = XCBuildConfiguration;
			buildSettings = {
				ASSETCATALOG_COMPILER_APPICON_NAME = AppIcon;
				DEVELOPMENT_TEAM = 9F3KC5MR2C;
				INFOPLIST_FILE = sampleTalkApp/Info.plist;
				LD_RUNPATH_SEARCH_PATHS = "$(inherited) @executable_path/Frameworks";
				PRODUCT_BUNDLE_IDENTIFIER = ii.sampleTalkApp;
				PRODUCT_NAME = "$(TARGET_NAME)";
				SWIFT_VERSION = 3.0;
			};
			name = Release;
		};
/* End XCBuildConfiguration section */

/* Begin XCConfigurationList section */
		7A2D531D1DC62959004BEA35 /* Build configuration list for PBXProject "sampleTalkApp" */ = {
			isa = XCConfigurationList;
			buildConfigurations = (
				7A2D53321DC6295A004BEA35 /* Debug */,
				7A2D53331DC6295A004BEA35 /* Release */,
			);
			defaultConfigurationIsVisible = 0;
			defaultConfigurationName = Release;
		};
		7A2D53341DC6295A004BEA35 /* Build configuration list for PBXNativeTarget "sampleTalkApp" */ = {
			isa = XCConfigurationList;
			buildConfigurations = (
				7A2D53351DC6295A004BEA35 /* Debug */,
				7A2D53361DC6295A004BEA35 /* Release */,
			);
			defaultConfigurationIsVisible = 0;
		};
/* End XCConfigurationList section */
	};
	rootObject = 7A2D531A1DC62959004BEA35 /* Project object */;
}
